// !$*UTF8*$!
{
	archiveVersion = 1;
	classes = {
	};
	objectVersion = 51;
	objects = {

/* Begin PBXBuildFile section */
		1081399F24317CB300DD594A /* AppDelegate.swift in Sources */ = {isa = PBXBuildFile; fileRef = 1081399E24317CB300DD594A /* AppDelegate.swift */; };
		108139A124317CB300DD594A /* SceneDelegate.swift in Sources */ = {isa = PBXBuildFile; fileRef = 108139A024317CB300DD594A /* SceneDelegate.swift */; };
		108139A324317CB300DD594A /* LoginViewController.swift in Sources */ = {isa = PBXBuildFile; fileRef = 108139A224317CB300DD594A /* LoginViewController.swift */; };
		108139A624317CB300DD594A /* Main.storyboard in Resources */ = {isa = PBXBuildFile; fileRef = 108139A424317CB300DD594A /* Main.storyboard */; };
		108139A924317CB300DD594A /* AnnotateAR.xcdatamodeld in Sources */ = {isa = PBXBuildFile; fileRef = 108139A724317CB300DD594A /* AnnotateAR.xcdatamodeld */; };
		108139AB24317CB300DD594A /* Assets.xcassets in Resources */ = {isa = PBXBuildFile; fileRef = 108139AA24317CB300DD594A /* Assets.xcassets */; };
		108139AE24317CB300DD594A /* LaunchScreen.storyboard in Resources */ = {isa = PBXBuildFile; fileRef = 108139AC24317CB300DD594A /* LaunchScreen.storyboard */; };
		108139B924317CB300DD594A /* AnnotateARTests.swift in Sources */ = {isa = PBXBuildFile; fileRef = 108139B824317CB300DD594A /* AnnotateARTests.swift */; };
		108139C424317CB300DD594A /* AnnotateARUITests.swift in Sources */ = {isa = PBXBuildFile; fileRef = 108139C324317CB300DD594A /* AnnotateARUITests.swift */; };
		108139D224317D2700DD594A /* GoogleService-Info.plist in Resources */ = {isa = PBXBuildFile; fileRef = 108139D124317D2700DD594A /* GoogleService-Info.plist */; };
		44B8475469384BE502A73EE9 /* Pods_AnnotateARUITests.framework in Frameworks */ = {isa = PBXBuildFile; fileRef = A497E561348991A3D024D2D6 /* Pods_AnnotateARUITests.framework */; };
		F24CE5F4835A57726168033C /* Pods_AnnotateAR.framework in Frameworks */ = {isa = PBXBuildFile; fileRef = 0DD0251FECD96D476E766D2E /* Pods_AnnotateAR.framework */; };
		F6003B9A4A9167EC79E8594C /* Pods_AnnotateARTests.framework in Frameworks */ = {isa = PBXBuildFile; fileRef = B7B32402241D37DB487D70FF /* Pods_AnnotateARTests.framework */; };
/* End PBXBuildFile section */

/* Begin PBXContainerItemProxy section */
		108139B524317CB300DD594A /* PBXContainerItemProxy */ = {
			isa = PBXContainerItemProxy;
			containerPortal = 1081399324317CB300DD594A /* Project object */;
			proxyType = 1;
			remoteGlobalIDString = 1081399A24317CB300DD594A;
			remoteInfo = AnnotateAR;
		};
		108139C024317CB300DD594A /* PBXContainerItemProxy */ = {
			isa = PBXContainerItemProxy;
			containerPortal = 1081399324317CB300DD594A /* Project object */;
			proxyType = 1;
			remoteGlobalIDString = 1081399A24317CB300DD594A;
			remoteInfo = AnnotateAR;
		};
/* End PBXContainerItemProxy section */

/* Begin PBXFileReference section */
		0DD0251FECD96D476E766D2E /* Pods_AnnotateAR.framework */ = {isa = PBXFileReference; explicitFileType = wrapper.framework; includeInIndex = 0; path = Pods_AnnotateAR.framework; sourceTree = BUILT_PRODUCTS_DIR; };
		1081399B24317CB300DD594A /* AnnotateAR.app */ = {isa = PBXFileReference; explicitFileType = wrapper.application; includeInIndex = 0; path = AnnotateAR.app; sourceTree = BUILT_PRODUCTS_DIR; };
		1081399E24317CB300DD594A /* AppDelegate.swift */ = {isa = PBXFileReference; lastKnownFileType = sourcecode.swift; path = AppDelegate.swift; sourceTree = "<group>"; };
		108139A024317CB300DD594A /* SceneDelegate.swift */ = {isa = PBXFileReference; lastKnownFileType = sourcecode.swift; path = SceneDelegate.swift; sourceTree = "<group>"; };
		108139A224317CB300DD594A /* LoginViewController.swift */ = {isa = PBXFileReference; lastKnownFileType = sourcecode.swift; path = LoginViewController.swift; sourceTree = "<group>"; };
		108139A524317CB300DD594A /* Base */ = {isa = PBXFileReference; lastKnownFileType = file.storyboard; name = Base; path = Base.lproj/Main.storyboard; sourceTree = "<group>"; };
		108139A824317CB300DD594A /* AnnotateAR.xcdatamodel */ = {isa = PBXFileReference; lastKnownFileType = wrapper.xcdatamodel; path = AnnotateAR.xcdatamodel; sourceTree = "<group>"; };
		108139AA24317CB300DD594A /* Assets.xcassets */ = {isa = PBXFileReference; lastKnownFileType = folder.assetcatalog; path = Assets.xcassets; sourceTree = "<group>"; };
		108139AD24317CB300DD594A /* Base */ = {isa = PBXFileReference; lastKnownFileType = file.storyboard; name = Base; path = Base.lproj/LaunchScreen.storyboard; sourceTree = "<group>"; };
		108139AF24317CB300DD594A /* Info.plist */ = {isa = PBXFileReference; lastKnownFileType = text.plist.xml; path = Info.plist; sourceTree = "<group>"; };
		108139B424317CB300DD594A /* AnnotateARTests.xctest */ = {isa = PBXFileReference; explicitFileType = wrapper.cfbundle; includeInIndex = 0; path = AnnotateARTests.xctest; sourceTree = BUILT_PRODUCTS_DIR; };
		108139B824317CB300DD594A /* AnnotateARTests.swift */ = {isa = PBXFileReference; lastKnownFileType = sourcecode.swift; path = AnnotateARTests.swift; sourceTree = "<group>"; };
		108139BA24317CB300DD594A /* Info.plist */ = {isa = PBXFileReference; lastKnownFileType = text.plist.xml; path = Info.plist; sourceTree = "<group>"; };
		108139BF24317CB300DD594A /* AnnotateARUITests.xctest */ = {isa = PBXFileReference; explicitFileType = wrapper.cfbundle; includeInIndex = 0; path = AnnotateARUITests.xctest; sourceTree = BUILT_PRODUCTS_DIR; };
		108139C324317CB300DD594A /* AnnotateARUITests.swift */ = {isa = PBXFileReference; lastKnownFileType = sourcecode.swift; path = AnnotateARUITests.swift; sourceTree = "<group>"; };
		108139C524317CB300DD594A /* Info.plist */ = {isa = PBXFileReference; lastKnownFileType = text.plist.xml; path = Info.plist; sourceTree = "<group>"; };
		108139D124317D2700DD594A /* GoogleService-Info.plist */ = {isa = PBXFileReference; fileEncoding = 4; lastKnownFileType = text.plist.xml; path = "GoogleService-Info.plist"; sourceTree = "<group>"; };
		2BCECA23F0AB48A5E5B26770 /* Pods-AnnotateAR.debug.xcconfig */ = {isa = PBXFileReference; includeInIndex = 1; lastKnownFileType = text.xcconfig; name = "Pods-AnnotateAR.debug.xcconfig"; path = "Target Support Files/Pods-AnnotateAR/Pods-AnnotateAR.debug.xcconfig"; sourceTree = "<group>"; };
		3ECA743E68631D10D550BC05 /* Pods-AnnotateARTests.debug.xcconfig */ = {isa = PBXFileReference; includeInIndex = 1; lastKnownFileType = text.xcconfig; name = "Pods-AnnotateARTests.debug.xcconfig"; path = "Target Support Files/Pods-AnnotateARTests/Pods-AnnotateARTests.debug.xcconfig"; sourceTree = "<group>"; };
		4CD9E0559DE22348A6E5AD76 /* Pods-AnnotateARTests.release.xcconfig */ = {isa = PBXFileReference; includeInIndex = 1; lastKnownFileType = text.xcconfig; name = "Pods-AnnotateARTests.release.xcconfig"; path = "Target Support Files/Pods-AnnotateARTests/Pods-AnnotateARTests.release.xcconfig"; sourceTree = "<group>"; };
		8B72E31F84C65B65D2AA8642 /* Pods-AnnotateARUITests.debug.xcconfig */ = {isa = PBXFileReference; includeInIndex = 1; lastKnownFileType = text.xcconfig; name = "Pods-AnnotateARUITests.debug.xcconfig"; path = "Target Support Files/Pods-AnnotateARUITests/Pods-AnnotateARUITests.debug.xcconfig"; sourceTree = "<group>"; };
		A497E561348991A3D024D2D6 /* Pods_AnnotateARUITests.framework */ = {isa = PBXFileReference; explicitFileType = wrapper.framework; includeInIndex = 0; path = Pods_AnnotateARUITests.framework; sourceTree = BUILT_PRODUCTS_DIR; };
		B7B32402241D37DB487D70FF /* Pods_AnnotateARTests.framework */ = {isa = PBXFileReference; explicitFileType = wrapper.framework; includeInIndex = 0; path = Pods_AnnotateARTests.framework; sourceTree = BUILT_PRODUCTS_DIR; };
		F7A9406627F374A315F8AA53 /* Pods-AnnotateARUITests.release.xcconfig */ = {isa = PBXFileReference; includeInIndex = 1; lastKnownFileType = text.xcconfig; name = "Pods-AnnotateARUITests.release.xcconfig"; path = "Target Support Files/Pods-AnnotateARUITests/Pods-AnnotateARUITests.release.xcconfig"; sourceTree = "<group>"; };
		FAA7E599B3440BF05F86B3FF /* Pods-AnnotateAR.release.xcconfig */ = {isa = PBXFileReference; includeInIndex = 1; lastKnownFileType = text.xcconfig; name = "Pods-AnnotateAR.release.xcconfig"; path = "Target Support Files/Pods-AnnotateAR/Pods-AnnotateAR.release.xcconfig"; sourceTree = "<group>"; };
/* End PBXFileReference section */

/* Begin PBXFrameworksBuildPhase section */
		1081399824317CB300DD594A /* Frameworks */ = {
			isa = PBXFrameworksBuildPhase;
			buildActionMask = 2147483647;
			files = (
				F24CE5F4835A57726168033C /* Pods_AnnotateAR.framework in Frameworks */,
			);
			runOnlyForDeploymentPostprocessing = 0;
		};
		108139B124317CB300DD594A /* Frameworks */ = {
			isa = PBXFrameworksBuildPhase;
			buildActionMask = 2147483647;
			files = (
				F6003B9A4A9167EC79E8594C /* Pods_AnnotateARTests.framework in Frameworks */,
			);
			runOnlyForDeploymentPostprocessing = 0;
		};
		108139BC24317CB300DD594A /* Frameworks */ = {
			isa = PBXFrameworksBuildPhase;
			buildActionMask = 2147483647;
			files = (
				44B8475469384BE502A73EE9 /* Pods_AnnotateARUITests.framework in Frameworks */,
			);
			runOnlyForDeploymentPostprocessing = 0;
		};
/* End PBXFrameworksBuildPhase section */

/* Begin PBXGroup section */
		1081399224317CB300DD594A = {
			isa = PBXGroup;
			children = (
				1081399D24317CB300DD594A /* AnnotateAR */,
				108139B724317CB300DD594A /* AnnotateARTests */,
				108139C224317CB300DD594A /* AnnotateARUITests */,
				1081399C24317CB300DD594A /* Products */,
				78369D292D51277D42E39976 /* Pods */,
				DB40390051D7BD92D8E895BB /* Frameworks */,
			);
			sourceTree = "<group>";
		};
		1081399C24317CB300DD594A /* Products */ = {
			isa = PBXGroup;
			children = (
				1081399B24317CB300DD594A /* AnnotateAR.app */,
				108139B424317CB300DD594A /* AnnotateARTests.xctest */,
				108139BF24317CB300DD594A /* AnnotateARUITests.xctest */,
			);
			name = Products;
			sourceTree = "<group>";
		};
		1081399D24317CB300DD594A /* AnnotateAR */ = {
			isa = PBXGroup;
			children = (
				1081399E24317CB300DD594A /* AppDelegate.swift */,
				108139A024317CB300DD594A /* SceneDelegate.swift */,
				108139A224317CB300DD594A /* LoginViewController.swift */,
				108139A424317CB300DD594A /* Main.storyboard */,
				108139AA24317CB300DD594A /* Assets.xcassets */,
				108139AC24317CB300DD594A /* LaunchScreen.storyboard */,
				108139AF24317CB300DD594A /* Info.plist */,
				108139D124317D2700DD594A /* GoogleService-Info.plist */,
				108139A724317CB300DD594A /* AnnotateAR.xcdatamodeld */,
			);
			path = AnnotateAR;
			sourceTree = "<group>";
		};
		108139B724317CB300DD594A /* AnnotateARTests */ = {
			isa = PBXGroup;
			children = (
				108139B824317CB300DD594A /* AnnotateARTests.swift */,
				108139BA24317CB300DD594A /* Info.plist */,
			);
			path = AnnotateARTests;
			sourceTree = "<group>";
		};
		108139C224317CB300DD594A /* AnnotateARUITests */ = {
			isa = PBXGroup;
			children = (
				108139C324317CB300DD594A /* AnnotateARUITests.swift */,
				108139C524317CB300DD594A /* Info.plist */,
			);
			path = AnnotateARUITests;
			sourceTree = "<group>";
		};
		78369D292D51277D42E39976 /* Pods */ = {
			isa = PBXGroup;
			children = (
				2BCECA23F0AB48A5E5B26770 /* Pods-AnnotateAR.debug.xcconfig */,
				FAA7E599B3440BF05F86B3FF /* Pods-AnnotateAR.release.xcconfig */,
				3ECA743E68631D10D550BC05 /* Pods-AnnotateARTests.debug.xcconfig */,
				4CD9E0559DE22348A6E5AD76 /* Pods-AnnotateARTests.release.xcconfig */,
				8B72E31F84C65B65D2AA8642 /* Pods-AnnotateARUITests.debug.xcconfig */,
				F7A9406627F374A315F8AA53 /* Pods-AnnotateARUITests.release.xcconfig */,
			);
			path = Pods;
			sourceTree = "<group>";
		};
		DB40390051D7BD92D8E895BB /* Frameworks */ = {
			isa = PBXGroup;
			children = (
				0DD0251FECD96D476E766D2E /* Pods_AnnotateAR.framework */,
				B7B32402241D37DB487D70FF /* Pods_AnnotateARTests.framework */,
				A497E561348991A3D024D2D6 /* Pods_AnnotateARUITests.framework */,
			);
			name = Frameworks;
			sourceTree = "<group>";
		};
/* End PBXGroup section */

/* Begin PBXNativeTarget section */
		1081399A24317CB300DD594A /* AnnotateAR */ = {
			isa = PBXNativeTarget;
			buildConfigurationList = 108139C824317CB300DD594A /* Build configuration list for PBXNativeTarget "AnnotateAR" */;
			buildPhases = (
				9B07BF8CDC8AF08007812DBE /* [CP] Check Pods Manifest.lock */,
				1081399724317CB300DD594A /* Sources */,
				1081399824317CB300DD594A /* Frameworks */,
				1081399924317CB300DD594A /* Resources */,
				7951F9CA0FC2655A85902E03 /* [CP] Embed Pods Frameworks */,
				F152A91DE1FFD9D7C6C3FDA9 /* [CP] Copy Pods Resources */,
			);
			buildRules = (
			);
			dependencies = (
			);
			name = AnnotateAR;
			productName = AnnotateAR;
			productReference = 1081399B24317CB300DD594A /* AnnotateAR.app */;
			productType = "com.apple.product-type.application";
		};
		108139B324317CB300DD594A /* AnnotateARTests */ = {
			isa = PBXNativeTarget;
			buildConfigurationList = 108139CB24317CB300DD594A /* Build configuration list for PBXNativeTarget "AnnotateARTests" */;
			buildPhases = (
				F3A8027EA35ACFE4245BD3D3 /* [CP] Check Pods Manifest.lock */,
				108139B024317CB300DD594A /* Sources */,
				108139B124317CB300DD594A /* Frameworks */,
				108139B224317CB300DD594A /* Resources */,
			);
			buildRules = (
			);
			dependencies = (
				108139B624317CB300DD594A /* PBXTargetDependency */,
			);
			name = AnnotateARTests;
			productName = AnnotateARTests;
			productReference = 108139B424317CB300DD594A /* AnnotateARTests.xctest */;
			productType = "com.apple.product-type.bundle.unit-test";
		};
		108139BE24317CB300DD594A /* AnnotateARUITests */ = {
			isa = PBXNativeTarget;
			buildConfigurationList = 108139CE24317CB300DD594A /* Build configuration list for PBXNativeTarget "AnnotateARUITests" */;
			buildPhases = (
				1A16ED59B8CD7FDE9D045745 /* [CP] Check Pods Manifest.lock */,
				108139BB24317CB300DD594A /* Sources */,
				108139BC24317CB300DD594A /* Frameworks */,
				108139BD24317CB300DD594A /* Resources */,
			);
			buildRules = (
			);
			dependencies = (
				108139C124317CB300DD594A /* PBXTargetDependency */,
			);
			name = AnnotateARUITests;
			productName = AnnotateARUITests;
			productReference = 108139BF24317CB300DD594A /* AnnotateARUITests.xctest */;
			productType = "com.apple.product-type.bundle.ui-testing";
		};
/* End PBXNativeTarget section */

/* Begin PBXProject section */
		1081399324317CB300DD594A /* Project object */ = {
			isa = PBXProject;
			attributes = {
				LastSwiftUpdateCheck = 1140;
				LastUpgradeCheck = 1140;
				ORGANIZATIONNAME = "Tyler Franklin";
				TargetAttributes = {
					1081399A24317CB300DD594A = {
						CreatedOnToolsVersion = 11.4;
					};
					108139B324317CB300DD594A = {
						CreatedOnToolsVersion = 11.4;
						TestTargetID = 1081399A24317CB300DD594A;
					};
					108139BE24317CB300DD594A = {
						CreatedOnToolsVersion = 11.4;
						TestTargetID = 1081399A24317CB300DD594A;
					};
				};
			};
			buildConfigurationList = 1081399624317CB300DD594A /* Build configuration list for PBXProject "AnnotateAR" */;
			compatibilityVersion = "Xcode 9.3";
			developmentRegion = en;
			hasScannedForEncodings = 0;
			knownRegions = (
				en,
				Base,
			);
			mainGroup = 1081399224317CB300DD594A;
			productRefGroup = 1081399C24317CB300DD594A /* Products */;
			projectDirPath = "";
			projectRoot = "";
			targets = (
				1081399A24317CB300DD594A /* AnnotateAR */,
				108139B324317CB300DD594A /* AnnotateARTests */,
				108139BE24317CB300DD594A /* AnnotateARUITests */,
			);
		};
/* End PBXProject section */

/* Begin PBXResourcesBuildPhase section */
		1081399924317CB300DD594A /* Resources */ = {
			isa = PBXResourcesBuildPhase;
			buildActionMask = 2147483647;
			files = (
				108139AE24317CB300DD594A /* LaunchScreen.storyboard in Resources */,
				108139D224317D2700DD594A /* GoogleService-Info.plist in Resources */,
				108139AB24317CB300DD594A /* Assets.xcassets in Resources */,
				108139A624317CB300DD594A /* Main.storyboard in Resources */,
			);
			runOnlyForDeploymentPostprocessing = 0;
		};
		108139B224317CB300DD594A /* Resources */ = {
			isa = PBXResourcesBuildPhase;
			buildActionMask = 2147483647;
			files = (
			);
			runOnlyForDeploymentPostprocessing = 0;
		};
		108139BD24317CB300DD594A /* Resources */ = {
			isa = PBXResourcesBuildPhase;
			buildActionMask = 2147483647;
			files = (
			);
			runOnlyForDeploymentPostprocessing = 0;
		};
/* End PBXResourcesBuildPhase section */

/* Begin PBXShellScriptBuildPhase section */
		1A16ED59B8CD7FDE9D045745 /* [CP] Check Pods Manifest.lock */ = {
			isa = PBXShellScriptBuildPhase;
			buildActionMask = 2147483647;
			files = (
			);
			inputFileListPaths = (
			);
			inputPaths = (
				"${PODS_PODFILE_DIR_PATH}/Podfile.lock",
				"${PODS_ROOT}/Manifest.lock",
			);
			name = "[CP] Check Pods Manifest.lock";
			outputFileListPaths = (
			);
			outputPaths = (
				"$(DERIVED_FILE_DIR)/Pods-AnnotateARUITests-checkManifestLockResult.txt",
			);
			runOnlyForDeploymentPostprocessing = 0;
			shellPath = /bin/sh;
			shellScript = "diff \"${PODS_PODFILE_DIR_PATH}/Podfile.lock\" \"${PODS_ROOT}/Manifest.lock\" > /dev/null\nif [ $? != 0 ] ; then\n    # print error to STDERR\n    echo \"error: The sandbox is not in sync with the Podfile.lock. Run 'pod install' or update your CocoaPods installation.\" >&2\n    exit 1\nfi\n# This output is used by Xcode 'outputs' to avoid re-running this script phase.\necho \"SUCCESS\" > \"${SCRIPT_OUTPUT_FILE_0}\"\n";
			showEnvVarsInLog = 0;
		};
		7951F9CA0FC2655A85902E03 /* [CP] Embed Pods Frameworks */ = {
			isa = PBXShellScriptBuildPhase;
			buildActionMask = 2147483647;
			files = (
			);
			inputFileListPaths = (
				"${PODS_ROOT}/Target Support Files/Pods-AnnotateAR/Pods-AnnotateAR-frameworks-${CONFIGURATION}-input-files.xcfilelist",
			);
			name = "[CP] Embed Pods Frameworks";
			outputFileListPaths = (
				"${PODS_ROOT}/Target Support Files/Pods-AnnotateAR/Pods-AnnotateAR-frameworks-${CONFIGURATION}-output-files.xcfilelist",
			);
			runOnlyForDeploymentPostprocessing = 0;
			shellPath = /bin/sh;
			shellScript = "\"${PODS_ROOT}/Target Support Files/Pods-AnnotateAR/Pods-AnnotateAR-frameworks.sh\"\n";
			showEnvVarsInLog = 0;
		};
		9B07BF8CDC8AF08007812DBE /* [CP] Check Pods Manifest.lock */ = {
			isa = PBXShellScriptBuildPhase;
			buildActionMask = 2147483647;
			files = (
			);
			inputFileListPaths = (
			);
			inputPaths = (
				"${PODS_PODFILE_DIR_PATH}/Podfile.lock",
				"${PODS_ROOT}/Manifest.lock",
			);
			name = "[CP] Check Pods Manifest.lock";
			outputFileListPaths = (
			);
			outputPaths = (
				"$(DERIVED_FILE_DIR)/Pods-AnnotateAR-checkManifestLockResult.txt",
			);
			runOnlyForDeploymentPostprocessing = 0;
			shellPath = /bin/sh;
			shellScript = "diff \"${PODS_PODFILE_DIR_PATH}/Podfile.lock\" \"${PODS_ROOT}/Manifest.lock\" > /dev/null\nif [ $? != 0 ] ; then\n    # print error to STDERR\n    echo \"error: The sandbox is not in sync with the Podfile.lock. Run 'pod install' or update your CocoaPods installation.\" >&2\n    exit 1\nfi\n# This output is used by Xcode 'outputs' to avoid re-running this script phase.\necho \"SUCCESS\" > \"${SCRIPT_OUTPUT_FILE_0}\"\n";
			showEnvVarsInLog = 0;
		};
		F152A91DE1FFD9D7C6C3FDA9 /* [CP] Copy Pods Resources */ = {
			isa = PBXShellScriptBuildPhase;
			buildActionMask = 2147483647;
			files = (
			);
			inputFileListPaths = (
				"${PODS_ROOT}/Target Support Files/Pods-AnnotateAR/Pods-AnnotateAR-resources-${CONFIGURATION}-input-files.xcfilelist",
			);
			name = "[CP] Copy Pods Resources";
			outputFileListPaths = (
				"${PODS_ROOT}/Target Support Files/Pods-AnnotateAR/Pods-AnnotateAR-resources-${CONFIGURATION}-output-files.xcfilelist",
			);
			runOnlyForDeploymentPostprocessing = 0;
			shellPath = /bin/sh;
			shellScript = "\"${PODS_ROOT}/Target Support Files/Pods-AnnotateAR/Pods-AnnotateAR-resources.sh\"\n";
			showEnvVarsInLog = 0;
		};
		F3A8027EA35ACFE4245BD3D3 /* [CP] Check Pods Manifest.lock */ = {
			isa = PBXShellScriptBuildPhase;
			buildActionMask = 2147483647;
			files = (
			);
			inputFileListPaths = (
			);
			inputPaths = (
				"${PODS_PODFILE_DIR_PATH}/Podfile.lock",
				"${PODS_ROOT}/Manifest.lock",
			);
			name = "[CP] Check Pods Manifest.lock";
			outputFileListPaths = (
			);
			outputPaths = (
				"$(DERIVED_FILE_DIR)/Pods-AnnotateARTests-checkManifestLockResult.txt",
			);
			runOnlyForDeploymentPostprocessing = 0;
			shellPath = /bin/sh;
			shellScript = "diff \"${PODS_PODFILE_DIR_PATH}/Podfile.lock\" \"${PODS_ROOT}/Manifest.lock\" > /dev/null\nif [ $? != 0 ] ; then\n    # print error to STDERR\n    echo \"error: The sandbox is not in sync with the Podfile.lock. Run 'pod install' or update your CocoaPods installation.\" >&2\n    exit 1\nfi\n# This output is used by Xcode 'outputs' to avoid re-running this script phase.\necho \"SUCCESS\" > \"${SCRIPT_OUTPUT_FILE_0}\"\n";
			showEnvVarsInLog = 0;
		};
/* End PBXShellScriptBuildPhase section */

/* Begin PBXSourcesBuildPhase section */
		1081399724317CB300DD594A /* Sources */ = {
			isa = PBXSourcesBuildPhase;
			buildActionMask = 2147483647;
			files = (
				108139A924317CB300DD594A /* AnnotateAR.xcdatamodeld in Sources */,
				108139A324317CB300DD594A /* LoginViewController.swift in Sources */,
				1081399F24317CB300DD594A /* AppDelegate.swift in Sources */,
				108139A124317CB300DD594A /* SceneDelegate.swift in Sources */,
			);
			runOnlyForDeploymentPostprocessing = 0;
		};
		108139B024317CB300DD594A /* Sources */ = {
			isa = PBXSourcesBuildPhase;
			buildActionMask = 2147483647;
			files = (
				108139B924317CB300DD594A /* AnnotateARTests.swift in Sources */,
			);
			runOnlyForDeploymentPostprocessing = 0;
		};
		108139BB24317CB300DD594A /* Sources */ = {
			isa = PBXSourcesBuildPhase;
			buildActionMask = 2147483647;
			files = (
				108139C424317CB300DD594A /* AnnotateARUITests.swift in Sources */,
			);
			runOnlyForDeploymentPostprocessing = 0;
		};
/* End PBXSourcesBuildPhase section */

/* Begin PBXTargetDependency section */
		108139B624317CB300DD594A /* PBXTargetDependency */ = {
			isa = PBXTargetDependency;
			target = 1081399A24317CB300DD594A /* AnnotateAR */;
			targetProxy = 108139B524317CB300DD594A /* PBXContainerItemProxy */;
		};
		108139C124317CB300DD594A /* PBXTargetDependency */ = {
			isa = PBXTargetDependency;
			target = 1081399A24317CB300DD594A /* AnnotateAR */;
			targetProxy = 108139C024317CB300DD594A /* PBXContainerItemProxy */;
		};
/* End PBXTargetDependency section */

/* Begin PBXVariantGroup section */
		108139A424317CB300DD594A /* Main.storyboard */ = {
			isa = PBXVariantGroup;
			children = (
				108139A524317CB300DD594A /* Base */,
			);
			name = Main.storyboard;
			sourceTree = "<group>";
		};
		108139AC24317CB300DD594A /* LaunchScreen.storyboard */ = {
			isa = PBXVariantGroup;
			children = (
				108139AD24317CB300DD594A /* Base */,
			);
			name = LaunchScreen.storyboard;
			sourceTree = "<group>";
		};
/* End PBXVariantGroup section */

/* Begin XCBuildConfiguration section */
		108139C624317CB300DD594A /* Debug */ = {
			isa = XCBuildConfiguration;
			buildSettings = {
				ALWAYS_SEARCH_USER_PATHS = NO;
				CLANG_ANALYZER_NONNULL = YES;
				CLANG_ANALYZER_NUMBER_OBJECT_CONVERSION = YES_AGGRESSIVE;
				CLANG_CXX_LANGUAGE_STANDARD = "gnu++14";
				CLANG_CXX_LIBRARY = "libc++";
				CLANG_ENABLE_MODULES = YES;
				CLANG_ENABLE_OBJC_ARC = YES;
				CLANG_ENABLE_OBJC_WEAK = YES;
				CLANG_WARN_BLOCK_CAPTURE_AUTORELEASING = YES;
				CLANG_WARN_BOOL_CONVERSION = YES;
				CLANG_WARN_COMMA = YES;
				CLANG_WARN_CONSTANT_CONVERSION = YES;
				CLANG_WARN_DEPRECATED_OBJC_IMPLEMENTATIONS = YES;
				CLANG_WARN_DIRECT_OBJC_ISA_USAGE = YES_ERROR;
				CLANG_WARN_DOCUMENTATION_COMMENTS = YES;
				CLANG_WARN_EMPTY_BODY = YES;
				CLANG_WARN_ENUM_CONVERSION = YES;
				CLANG_WARN_INFINITE_RECURSION = YES;
				CLANG_WARN_INT_CONVERSION = YES;
				CLANG_WARN_NON_LITERAL_NULL_CONVERSION = YES;
				CLANG_WARN_OBJC_IMPLICIT_RETAIN_SELF = YES;
				CLANG_WARN_OBJC_LITERAL_CONVERSION = YES;
				CLANG_WARN_OBJC_ROOT_CLASS = YES_ERROR;
				CLANG_WARN_RANGE_LOOP_ANALYSIS = YES;
				CLANG_WARN_STRICT_PROTOTYPES = YES;
				CLANG_WARN_SUSPICIOUS_MOVE = YES;
				CLANG_WARN_UNGUARDED_AVAILABILITY = YES_AGGRESSIVE;
				CLANG_WARN_UNREACHABLE_CODE = YES;
				CLANG_WARN__DUPLICATE_METHOD_MATCH = YES;
				COPY_PHASE_STRIP = NO;
				DEBUG_INFORMATION_FORMAT = dwarf;
				ENABLE_STRICT_OBJC_MSGSEND = YES;
				ENABLE_TESTABILITY = YES;
				GCC_C_LANGUAGE_STANDARD = gnu11;
				GCC_DYNAMIC_NO_PIC = NO;
				GCC_NO_COMMON_BLOCKS = YES;
				GCC_OPTIMIZATION_LEVEL = 0;
				GCC_PREPROCESSOR_DEFINITIONS = (
					"DEBUG=1",
					"$(inherited)",
				);
				GCC_WARN_64_TO_32_BIT_CONVERSION = YES;
				GCC_WARN_ABOUT_RETURN_TYPE = YES_ERROR;
				GCC_WARN_UNDECLARED_SELECTOR = YES;
				GCC_WARN_UNINITIALIZED_AUTOS = YES_AGGRESSIVE;
				GCC_WARN_UNUSED_FUNCTION = YES;
				GCC_WARN_UNUSED_VARIABLE = YES;
				IPHONEOS_DEPLOYMENT_TARGET = 13.4;
				MTL_ENABLE_DEBUG_INFO = INCLUDE_SOURCE;
				MTL_FAST_MATH = YES;
				ONLY_ACTIVE_ARCH = YES;
				SDKROOT = iphoneos;
				SWIFT_ACTIVE_COMPILATION_CONDITIONS = DEBUG;
				SWIFT_OPTIMIZATION_LEVEL = "-Onone";
			};
			name = Debug;
		};
		108139C724317CB300DD594A /* Release */ = {
			isa = XCBuildConfiguration;
			buildSettings = {
				ALWAYS_SEARCH_USER_PATHS = NO;
				CLANG_ANALYZER_NONNULL = YES;
				CLANG_ANALYZER_NUMBER_OBJECT_CONVERSION = YES_AGGRESSIVE;
				CLANG_CXX_LANGUAGE_STANDARD = "gnu++14";
				CLANG_CXX_LIBRARY = "libc++";
				CLANG_ENABLE_MODULES = YES;
				CLANG_ENABLE_OBJC_ARC = YES;
				CLANG_ENABLE_OBJC_WEAK = YES;
				CLANG_WARN_BLOCK_CAPTURE_AUTORELEASING = YES;
				CLANG_WARN_BOOL_CONVERSION = YES;
				CLANG_WARN_COMMA = YES;
				CLANG_WARN_CONSTANT_CONVERSION = YES;
				CLANG_WARN_DEPRECATED_OBJC_IMPLEMENTATIONS = YES;
				CLANG_WARN_DIRECT_OBJC_ISA_USAGE = YES_ERROR;
				CLANG_WARN_DOCUMENTATION_COMMENTS = YES;
				CLANG_WARN_EMPTY_BODY = YES;
				CLANG_WARN_ENUM_CONVERSION = YES;
				CLANG_WARN_INFINITE_RECURSION = YES;
				CLANG_WARN_INT_CONVERSION = YES;
				CLANG_WARN_NON_LITERAL_NULL_CONVERSION = YES;
				CLANG_WARN_OBJC_IMPLICIT_RETAIN_SELF = YES;
				CLANG_WARN_OBJC_LITERAL_CONVERSION = YES;
				CLANG_WARN_OBJC_ROOT_CLASS = YES_ERROR;
				CLANG_WARN_RANGE_LOOP_ANALYSIS = YES;
				CLANG_WARN_STRICT_PROTOTYPES = YES;
				CLANG_WARN_SUSPICIOUS_MOVE = YES;
				CLANG_WARN_UNGUARDED_AVAILABILITY = YES_AGGRESSIVE;
				CLANG_WARN_UNREACHABLE_CODE = YES;
				CLANG_WARN__DUPLICATE_METHOD_MATCH = YES;
				COPY_PHASE_STRIP = NO;
				DEBUG_INFORMATION_FORMAT = "dwarf-with-dsym";
				ENABLE_NS_ASSERTIONS = NO;
				ENABLE_STRICT_OBJC_MSGSEND = YES;
				GCC_C_LANGUAGE_STANDARD = gnu11;
				GCC_NO_COMMON_BLOCKS = YES;
				GCC_WARN_64_TO_32_BIT_CONVERSION = YES;
				GCC_WARN_ABOUT_RETURN_TYPE = YES_ERROR;
				GCC_WARN_UNDECLARED_SELECTOR = YES;
				GCC_WARN_UNINITIALIZED_AUTOS = YES_AGGRESSIVE;
				GCC_WARN_UNUSED_FUNCTION = YES;
				GCC_WARN_UNUSED_VARIABLE = YES;
				IPHONEOS_DEPLOYMENT_TARGET = 13.4;
				MTL_ENABLE_DEBUG_INFO = NO;
				MTL_FAST_MATH = YES;
				SDKROOT = iphoneos;
				SWIFT_COMPILATION_MODE = wholemodule;
				SWIFT_OPTIMIZATION_LEVEL = "-O";
				VALIDATE_PRODUCT = YES;
			};
			name = Release;
		};
		108139C924317CB300DD594A /* Debug */ = {
			isa = XCBuildConfiguration;
			baseConfigurationReference = 2BCECA23F0AB48A5E5B26770 /* Pods-AnnotateAR.debug.xcconfig */;
			buildSettings = {
				ASSETCATALOG_COMPILER_APPICON_NAME = AppIcon;
				CODE_SIGN_STYLE = Automatic;
				DEVELOPMENT_TEAM = L33DPKL3UL;
				INFOPLIST_FILE = AnnotateAR/Info.plist;
				LD_RUNPATH_SEARCH_PATHS = (
					"$(inherited)",
					"@executable_path/Frameworks",
				);
				PRODUCT_BUNDLE_IDENTIFIER = tylerfranklin.AnnotateAR;
				PRODUCT_NAME = "$(TARGET_NAME)";
				SWIFT_VERSION = 5.0;
				TARGETED_DEVICE_FAMILY = "1,2";
			};
			name = Debug;
		};
		108139CA24317CB300DD594A /* Release */ = {
			isa = XCBuildConfiguration;
			baseConfigurationReference = FAA7E599B3440BF05F86B3FF /* Pods-AnnotateAR.release.xcconfig */;
			buildSettings = {
				ASSETCATALOG_COMPILER_APPICON_NAME = AppIcon;
				CODE_SIGN_STYLE = Automatic;
				DEVELOPMENT_TEAM = L33DPKL3UL;
				INFOPLIST_FILE = AnnotateAR/Info.plist;
				LD_RUNPATH_SEARCH_PATHS = (
					"$(inherited)",
					"@executable_path/Frameworks",
				);
				PRODUCT_BUNDLE_IDENTIFIER = tylerfranklin.AnnotateAR;
				PRODUCT_NAME = "$(TARGET_NAME)";
				SWIFT_VERSION = 5.0;
				TARGETED_DEVICE_FAMILY = "1,2";
			};
			name = Release;
		};
		108139CC24317CB300DD594A /* Debug */ = {
			isa = XCBuildConfiguration;
			baseConfigurationReference = 3ECA743E68631D10D550BC05 /* Pods-AnnotateARTests.debug.xcconfig */;
			buildSettings = {
				ALWAYS_EMBED_SWIFT_STANDARD_LIBRARIES = YES;
				BUNDLE_LOADER = "$(TEST_HOST)";
				CODE_SIGN_STYLE = Automatic;
				DEVELOPMENT_TEAM = L33DPKL3UL;
				INFOPLIST_FILE = AnnotateARTests/Info.plist;
				IPHONEOS_DEPLOYMENT_TARGET = 13.4;
				LD_RUNPATH_SEARCH_PATHS = (
					"$(inherited)",
					"@executable_path/Frameworks",
					"@loader_path/Frameworks",
				);
				PRODUCT_BUNDLE_IDENTIFIER = tylerfranklin.AnnotateARTests;
				PRODUCT_NAME = "$(TARGET_NAME)";
				SWIFT_VERSION = 5.0;
				TARGETED_DEVICE_FAMILY = "1,2";
				TEST_HOST = "$(BUILT_PRODUCTS_DIR)/AnnotateAR.app/AnnotateAR";
			};
			name = Debug;
		};
		108139CD24317CB300DD594A /* Release */ = {
			isa = XCBuildConfiguration;
			baseConfigurationReference = 4CD9E0559DE22348A6E5AD76 /* Pods-AnnotateARTests.release.xcconfig */;
			buildSettings = {
				ALWAYS_EMBED_SWIFT_STANDARD_LIBRARIES = YES;
				BUNDLE_LOADER = "$(TEST_HOST)";
				CODE_SIGN_STYLE = Automatic;
				DEVELOPMENT_TEAM = L33DPKL3UL;
				INFOPLIST_FILE = AnnotateARTests/Info.plist;
				IPHONEOS_DEPLOYMENT_TARGET = 13.4;
				LD_RUNPATH_SEARCH_PATHS = (
					"$(inherited)",
					"@executable_path/Frameworks",
					"@loader_path/Frameworks",
				);
				PRODUCT_BUNDLE_IDENTIFIER = tylerfranklin.AnnotateARTests;
				PRODUCT_NAME = "$(TARGET_NAME)";
				SWIFT_VERSION = 5.0;
				TARGETED_DEVICE_FAMILY = "1,2";
				TEST_HOST = "$(BUILT_PRODUCTS_DIR)/AnnotateAR.app/AnnotateAR";
			};
			name = Release;
		};
		108139CF24317CB300DD594A /* Debug */ = {
			isa = XCBuildConfiguration;
			baseConfigurationReference = 8B72E31F84C65B65D2AA8642 /* Pods-AnnotateARUITests.debug.xcconfig */;
			buildSettings = {
				ALWAYS_EMBED_SWIFT_STANDARD_LIBRARIES = YES;
				CODE_SIGN_STYLE = Automatic;
				DEVELOPMENT_TEAM = L33DPKL3UL;
				INFOPLIST_FILE = AnnotateARUITests/Info.plist;
				LD_RUNPATH_SEARCH_PATHS = (
					"$(inherited)",
					"@executable_path/Frameworks",
					"@loader_path/Frameworks",
				);
				PRODUCT_BUNDLE_IDENTIFIER = tylerfranklin.AnnotateARUITests;
				PRODUCT_NAME = "$(TARGET_NAME)";
				SWIFT_VERSION = 5.0;
				TARGETED_DEVICE_FAMILY = "1,2";
				TEST_TARGET_NAME = AnnotateAR;
			};
			name = Debug;
		};
		108139D024317CB300DD594A /* Release */ = {
			isa = XCBuildConfiguration;
			baseConfigurationReference = F7A9406627F374A315F8AA53 /* Pods-AnnotateARUITests.release.xcconfig */;
			buildSettings = {
				ALWAYS_EMBED_SWIFT_STANDARD_LIBRARIES = YES;
				CODE_SIGN_STYLE = Automatic;
				DEVELOPMENT_TEAM = L33DPKL3UL;
				INFOPLIST_FILE = AnnotateARUITests/Info.plist;
				LD_RUNPATH_SEARCH_PATHS = (
					"$(inherited)",
					"@executable_path/Frameworks",
					"@loader_path/Frameworks",
				);
				PRODUCT_BUNDLE_IDENTIFIER = tylerfranklin.AnnotateARUITests;
				PRODUCT_NAME = "$(TARGET_NAME)";
				SWIFT_VERSION = 5.0;
				TARGETED_DEVICE_FAMILY = "1,2";
				TEST_TARGET_NAME = AnnotateAR;
			};
			name = Release;
		};
/* End XCBuildConfiguration section */

/* Begin XCConfigurationList section */
		1081399624317CB300DD594A /* Build configuration list for PBXProject "AnnotateAR" */ = {
			isa = XCConfigurationList;
			buildConfigurations = (
				108139C624317CB300DD594A /* Debug */,
				108139C724317CB300DD594A /* Release */,
			);
			defaultConfigurationIsVisible = 0;
			defaultConfigurationName = Release;
		};
		108139C824317CB300DD594A /* Build configuration list for PBXNativeTarget "AnnotateAR" */ = {
			isa = XCConfigurationList;
			buildConfigurations = (
				108139C924317CB300DD594A /* Debug */,
				108139CA24317CB300DD594A /* Release */,
			);
			defaultConfigurationIsVisible = 0;
			defaultConfigurationName = Release;
		};
		108139CB24317CB300DD594A /* Build configuration list for PBXNativeTarget "AnnotateARTests" */ = {
			isa = XCConfigurationList;
			buildConfigurations = (
				108139CC24317CB300DD594A /* Debug */,
				108139CD24317CB300DD594A /* Release */,
			);
			defaultConfigurationIsVisible = 0;
			defaultConfigurationName = Release;
		};
		108139CE24317CB300DD594A /* Build configuration list for PBXNativeTarget "AnnotateARUITests" */ = {
			isa = XCConfigurationList;
			buildConfigurations = (
				108139CF24317CB300DD594A /* Debug */,
				108139D024317CB300DD594A /* Release */,
			);
			defaultConfigurationIsVisible = 0;
			defaultConfigurationName = Release;
		};
/* End XCConfigurationList section */

/* Begin XCVersionGroup section */
		108139A724317CB300DD594A /* AnnotateAR.xcdatamodeld */ = {
			isa = XCVersionGroup;
			children = (
				108139A824317CB300DD594A /* AnnotateAR.xcdatamodel */,
			);
			currentVersion = 108139A824317CB300DD594A /* AnnotateAR.xcdatamodel */;
			path = AnnotateAR.xcdatamodeld;
			sourceTree = "<group>";
			versionGroupType = wrapper.xcdatamodel;
		};
/* End XCVersionGroup section */
	};
	rootObject = 1081399324317CB300DD594A /* Project object */;
}
